
Microsoft Visual Studio Solution File, Format Version 12.00
# Visual Studio Version 17
VisualStudioVersion = 17.5.33627.172
MinimumVisualStudioVersion = 10.0.40219.1
Project("{8BC9CEB8-8B4A-11D0-8D11-00A0C91BC942}") = "Comandos_AA3", "Comandos_AA3.vcxproj", "{07A6E921-AD80-408D-9536-3A3F893E7B4E}"
EndProject
Global
	GlobalSection(SolutionConfigurationPlatforms) = preSolution
		Debug|x64 = Debug|x64
		Debug|x86 = Debug|x86
		Release|x64 = Release|x64
		Release|x86 = Release|x86
	EndGlobalSection
	GlobalSection(ProjectConfigurationPlatforms) = postSolution
		{07A6E921-AD80-408D-9536-3A3F893E7B4E}.Debug|x64.ActiveCfg = Debug|x64
		{07A6E921-AD80-408D-9536-3A3F893E7B4E}.Debug|x64.Build.0 = Debug|x64
		{07A6E921-AD80-408D-9536-3A3F893E7B4E}.Debug|x86.ActiveCfg = Debug|Win32
		{07A6E921-AD80-408D-9536-3A3F893E7B4E}.Debug|x86.Build.0 = Debug|Win32
		{07A6E921-AD80-408D-9536-3A3F893E7B4E}.Release|x64.ActiveCfg = Release|x64
		{07A6E921-AD80-408D-9536-3A3F893E7B4E}.Release|x64.Build.0 = Release|x64
		{07A6E921-AD80-408D-9536-3A3F893E7B4E}.Release|x86.ActiveCfg = Release|Win32
		{07A6E921-AD80-408D-9536-3A3F893E7B4E}.Release|x86.Build.0 = Release|Win32
	EndGlobalSection
	GlobalSection(SolutionProperties) = preSolution
		HideSolutionNode = FALSE
	EndGlobalSection
	GlobalSection(ExtensibilityGlobals) = postSolution
		SolutionGuid = {EB65D21B-AE29-42FD-9042-906D8E62FFAB}
	EndGlobalSection
EndGlobal
